# This file is autogenerated, do not edit; changes may be undone by the next 'dep ensure'.


[[projects]]
  digest = "1:a54dc69ec3668e0e57ad159a0a8c0ce1ec571174bb4eb6b3915833a8c21d40f3"
  name = "github.com/container-storage-interface/spec"
  packages = ["lib/go/csi/v0"]
  pruneopts = "UT"
  revision = "2178fdeea87f1150a17a63252eee28d4d8141f72"
  version = "v0.3.0"

[[projects]]
  digest = "1:8f0705fa33e8957018611cc81c65cb373b626c092d39931bb86882489fc4c3f4"
  name = "github.com/golang/protobuf"
  packages = [
    "proto",
    "ptypes",
    "ptypes/any",
    "ptypes/duration",
    "ptypes/timestamp",
    "ptypes/wrappers",
  ]
  pruneopts = "UT"
  revision = "aa810b61a9c79d51363740d207bb46cf8e620ed5"
  version = "v1.2.0"

[[projects]]
  digest = "1:3a26588bc48b96825977c1b3df964f8fd842cd6860cc26370588d3563433cf11"
  name = "github.com/google/uuid"
  packages = ["."]
  pruneopts = "UT"
  revision = "d460ce9f8df2e77fb1ba55ca87fafed96c607494"
  version = "v1.0.0"

[[projects]]
  branch = "master"
  digest = "1:deafe4ab271911fec7de5b693d7faae3f38796d9eb8622e2b9e7df42bb3dfea9"
  name = "golang.org/x/net"
  packages = [
    "context",
    "http/httpguts",
    "http2",
    "http2/hpack",
    "idna",
    "internal/timeseries",
    "trace",
  ]
  pruneopts = "UT"
  revision = "161cd47e91fd58ac17490ef4d742dc98bb4cf60e"

[[projects]]
  branch = "master"
  digest = "1:6eb2645d74b43d9c87b51947df39f7c668a4f422cd512053f7f6f75bfaad0197"
  name = "golang.org/x/sys"
  packages = ["unix"]
  pruneopts = "UT"
  revision = "d0be0721c37eeb5299f245a996a483160fc36940"

[[projects]]
  digest = "1:a2ab62866c75542dd18d2b069fec854577a20211d7c0ea6ae746072a1dccdd18"
  name = "golang.org/x/text"
  packages = [
    "collate",
    "collate/build",
    "internal/colltab",
    "internal/gen",
    "internal/tag",
    "internal/triegen",
    "internal/ucd",
    "language",
    "secure/bidirule",
    "transform",
    "unicode/bidi",
    "unicode/cldr",
    "unicode/norm",
    "unicode/rangetable",
  ]
  pruneopts = "UT"
  revision = "f21a4dfb5e38f5895301dc265a8def02365cc3d0"
  version = "v0.3.0"

[[projects]]
  branch = "master"
  digest = "1:077c1c599507b3b3e9156d17d36e1e61928ee9b53a5b420f10f28ebd4a0b275c"
  name = "google.golang.org/genproto"
  packages = ["googleapis/rpc/status"]
  pruneopts = "UT"
  revision = "11092d34479b07829b72e10713b159248caf5dad"

[[projects]]
  digest = "1:3dd7996ce6bf52dec6a2f69fa43e7c4cefea1d4dfa3c8ab7a5f8a9f7434e239d"
  name = "google.golang.org/grpc"
  packages = [
    ".",
    "balancer",
    "balancer/base",
    "balancer/roundrobin",
    "codes",
    "connectivity",
    "credentials",
    "encoding",
    "encoding/proto",
    "grpclog",
    "internal",
    "internal/backoff",
    "internal/channelz",
    "internal/envconfig",
    "internal/grpcrand",
    "internal/transport",
    "keepalive",
    "metadata",
    "naming",
    "peer",
    "resolver",
    "resolver/dns",
    "resolver/passthrough",
    "stats",
    "status",
    "tap",
  ]
  pruneopts = "UT"
  revision = "32fb0ac620c32ba40a4626ddf94d90d12cce3455"
  version = "v1.14.0"

[[projects]]
  branch = "master"
  digest = "1:f5fb6c4c9e14909a66efe7d3e49403234cd52523eb3997c5753a880635e8be2d"
  name = "k8s.io/apimachinery"
  packages = ["pkg/util/sets"]
  pruneopts = "UT"
  revision = "4a9a8137c0a17bc4594f544987b3f0d48b2e3d3a"

[[projects]]
  digest = "1:93153ae93df78ae288f0b601122f2a784df3187c9b3fae45c5960a36b52aa771"
  name = "k8s.io/klog"
  packages = [
    ".",
    "glog",
  ]
  pruneopts = "UT"
  revision = "a5bc97fbc634d635061f3146511332c7e313a55a"
  version = "v0.1.0"

[[projects]]
  branch = "storage-volume-testsuites-avoid-tests"
  digest = "1:c2f527c8a5afd93da7bce9767c746053a45e7a4d6feb43a256ce085a172019a3"
  name = "k8s.io/kubernetes"
  packages = [
    "pkg/util/file",
    "pkg/util/io",
    "pkg/util/mount",
    "pkg/util/nsenter",
  ]
  pruneopts = "UT"
  revision = "007ebd8e62b39cd982c13bfb798fd21d15ad99ab"
  source = "github.com/pohly/kubernetes"

[[projects]]
  branch = "master"
  digest = "1:867d98a27033c52150eb4c01ca0f9be938d3010e9a4909ea3a881a83c3ac1b3f"
  name = "k8s.io/utils"
  packages = ["exec"]
  pruneopts = "UT"
  revision = "982821ea41da7e7c15f3d3738921eb2e7e241ccd"

[solve-meta]
  analyzer-name = "dep"
  analyzer-version = 1
  input-imports = [
    "github.com/container-storage-interface/spec/lib/go/csi/v0",
    "github.com/golang/protobuf/proto",
    "github.com/google/uuid",
    "golang.org/x/net/context",
    "google.golang.org/grpc",
    "google.golang.org/grpc/codes",
    "google.golang.org/grpc/connectivity",
    "google.golang.org/grpc/status",
    "k8s.io/klog",
    "k8s.io/klog/glog",
    "k8s.io/kubernetes/pkg/util/mount",
  ]
  solver-name = "gps-cdcl"
  solver-version = 1
